
Microsoft Visual Studio Solution File, Format Version 12.00
# Visual Studio Version 17
VisualStudioVersion = 17.0.31903.59
MinimumVisualStudioVersion = 10.0.40219.1
Project("{2150E333-8FDC-42A3-9474-1A3956D46DE8}") = "src", "src", "{827E0CD3-B72D-47B6-A68D-7590B98EB39B}"
EndProject
Project("{FAE04EC0-301F-11D3-BF4B-00C04F79EFBC}") = "Wombat.Domain", "src\Wombat.Domain\Wombat.Domain.csproj", "{1E914AFF-B6D0-4DF0-B57C-66CD5F1FF54B}"
EndProject
Project("{FAE04EC0-301F-11D3-BF4B-00C04F79EFBC}") = "Wombat.Application", "src\Wombat.Application\Wombat.Application.csproj", "{E5AFB6C2-C2C7-4D9E-BCC6-0847924501C1}"
EndProject
Project("{FAE04EC0-301F-11D3-BF4B-00C04F79EFBC}") = "Wombat.Infrastructure", "src\Wombat.Infrastructure\Wombat.Infrastructure.csproj", "{D2013A42-E833-4F52-B368-F0E4664F9E45}"
EndProject
Project("{FAE04EC0-301F-11D3-BF4B-00C04F79EFBC}") = "Wombat.Api", "src\Wombat.Api\Wombat.Api.csproj", "{BA1DA692-94D5-4DAF-B0CA-6BAC1EF89B37}"
EndProject
Project("{FAE04EC0-301F-11D3-BF4B-00C04F79EFBC}") = "Wombat.Web", "src\Wombat.Web\Wombat.Web.csproj", "{418976E7-E527-405C-A5C4-689D9A4E6731}"
EndProject
Project("{2150E333-8FDC-42A3-9474-1A3956D46DE8}") = "tests", "tests", "{0AB3BF05-4346-4AA6-1389-037BE0695223}"
EndProject
Project("{FAE04EC0-301F-11D3-BF4B-00C04F79EFBC}") = "Wombat.Domain.Tests", "tests\Wombat.Domain.Tests\Wombat.Domain.Tests.csproj", "{038E4DF0-24BB-48D4-8A7B-8A4452A08474}"
EndProject
Project("{FAE04EC0-301F-11D3-BF4B-00C04F79EFBC}") = "Wombat.Application.Tests", "tests\Wombat.Application.Tests\Wombat.Application.Tests.csproj", "{5342BA43-0229-4171-919F-5D4A9A00669A}"
EndProject
Project("{FAE04EC0-301F-11D3-BF4B-00C04F79EFBC}") = "Wombat.Architecture.Tests", "tests\Wombat.Architecture.Tests\Wombat.Architecture.Tests.csproj", "{B8A712AD-78BA-4B2F-9648-708C68EF4999}"
EndProject
Project("{FAE04EC0-301F-11D3-BF4B-00C04F79EFBC}") = "Wombat.Integration.Tests", "tests\Wombat.Integration.Tests\Wombat.Integration.Tests.csproj", "{75FB730F-66DF-4E8E-9945-5ED64E851774}"
EndProject
Global
	GlobalSection(SolutionConfigurationPlatforms) = preSolution
		Debug|Any CPU = Debug|Any CPU
		Debug|x64 = Debug|x64
		Debug|x86 = Debug|x86
		Release|Any CPU = Release|Any CPU
		Release|x64 = Release|x64
		Release|x86 = Release|x86
	EndGlobalSection
	GlobalSection(ProjectConfigurationPlatforms) = postSolution
		{1E914AFF-B6D0-4DF0-B57C-66CD5F1FF54B}.Debug|Any CPU.ActiveCfg = Debug|Any CPU
		{1E914AFF-B6D0-4DF0-B57C-66CD5F1FF54B}.Debug|Any CPU.Build.0 = Debug|Any CPU
		{1E914AFF-B6D0-4DF0-B57C-66CD5F1FF54B}.Debug|x64.ActiveCfg = Debug|Any CPU
		{1E914AFF-B6D0-4DF0-B57C-66CD5F1FF54B}.Debug|x64.Build.0 = Debug|Any CPU
		{1E914AFF-B6D0-4DF0-B57C-66CD5F1FF54B}.Debug|x86.ActiveCfg = Debug|Any CPU
		{1E914AFF-B6D0-4DF0-B57C-66CD5F1FF54B}.Debug|x86.Build.0 = Debug|Any CPU
		{1E914AFF-B6D0-4DF0-B57C-66CD5F1FF54B}.Release|Any CPU.ActiveCfg = Release|Any CPU
		{1E914AFF-B6D0-4DF0-B57C-66CD5F1FF54B}.Release|Any CPU.Build.0 = Release|Any CPU
		{1E914AFF-B6D0-4DF0-B57C-66CD5F1FF54B}.Release|x64.ActiveCfg = Release|Any CPU
		{1E914AFF-B6D0-4DF0-B57C-66CD5F1FF54B}.Release|x64.Build.0 = Release|Any CPU
		{1E914AFF-B6D0-4DF0-B57C-66CD5F1FF54B}.Release|x86.ActiveCfg = Release|Any CPU
		{1E914AFF-B6D0-4DF0-B57C-66CD5F1FF54B}.Release|x86.Build.0 = Release|Any CPU
		{E5AFB6C2-C2C7-4D9E-BCC6-0847924501C1}.Debug|Any CPU.ActiveCfg = Debug|Any CPU
		{E5AFB6C2-C2C7-4D9E-BCC6-0847924501C1}.Debug|Any CPU.Build.0 = Debug|Any CPU
		{E5AFB6C2-C2C7-4D9E-BCC6-0847924501C1}.Debug|x64.ActiveCfg = Debug|Any CPU
		{E5AFB6C2-C2C7-4D9E-BCC6-0847924501C1}.Debug|x64.Build.0 = Debug|Any CPU
		{E5AFB6C2-C2C7-4D9E-BCC6-0847924501C1}.Debug|x86.ActiveCfg = Debug|Any CPU
		{E5AFB6C2-C2C7-4D9E-BCC6-0847924501C1}.Debug|x86.Build.0 = Debug|Any CPU
		{E5AFB6C2-C2C7-4D9E-BCC6-0847924501C1}.Release|Any CPU.ActiveCfg = Release|Any CPU
		{E5AFB6C2-C2C7-4D9E-BCC6-0847924501C1}.Release|Any CPU.Build.0 = Release|Any CPU
		{E5AFB6C2-C2C7-4D9E-BCC6-0847924501C1}.Release|x64.ActiveCfg = Release|Any CPU
		{E5AFB6C2-C2C7-4D9E-BCC6-0847924501C1}.Release|x64.Build.0 = Release|Any CPU
		{E5AFB6C2-C2C7-4D9E-BCC6-0847924501C1}.Release|x86.ActiveCfg = Release|Any CPU
		{E5AFB6C2-C2C7-4D9E-BCC6-0847924501C1}.Release|x86.Build.0 = Release|Any CPU
		{D2013A42-E833-4F52-B368-F0E4664F9E45}.Debug|Any CPU.ActiveCfg = Debug|Any CPU
		{D2013A42-E833-4F52-B368-F0E4664F9E45}.Debug|Any CPU.Build.0 = Debug|Any CPU
		{D2013A42-E833-4F52-B368-F0E4664F9E45}.Debug|x64.ActiveCfg = Debug|Any CPU
		{D2013A42-E833-4F52-B368-F0E4664F9E45}.Debug|x64.Build.0 = Debug|Any CPU
		{D2013A42-E833-4F52-B368-F0E4664F9E45}.Debug|x86.ActiveCfg = Debug|Any CPU
		{D2013A42-E833-4F52-B368-F0E4664F9E45}.Debug|x86.Build.0 = Debug|Any CPU
		{D2013A42-E833-4F52-B368-F0E4664F9E45}.Release|Any CPU.ActiveCfg = Release|Any CPU
		{D2013A42-E833-4F52-B368-F0E4664F9E45}.Release|Any CPU.Build.0 = Release|Any CPU
		{D2013A42-E833-4F52-B368-F0E4664F9E45}.Release|x64.ActiveCfg = Release|Any CPU
		{D2013A42-E833-4F52-B368-F0E4664F9E45}.Release|x64.Build.0 = Release|Any CPU
		{D2013A42-E833-4F52-B368-F0E4664F9E45}.Release|x86.ActiveCfg = Release|Any CPU
		{D2013A42-E833-4F52-B368-F0E4664F9E45}.Release|x86.Build.0 = Release|Any CPU
		{BA1DA692-94D5-4DAF-B0CA-6BAC1EF89B37}.Debug|Any CPU.ActiveCfg = Debug|Any CPU
		{BA1DA692-94D5-4DAF-B0CA-6BAC1EF89B37}.Debug|Any CPU.Build.0 = Debug|Any CPU
		{BA1DA692-94D5-4DAF-B0CA-6BAC1EF89B37}.Debug|x64.ActiveCfg = Debug|Any CPU
		{BA1DA692-94D5-4DAF-B0CA-6BAC1EF89B37}.Debug|x64.Build.0 = Debug|Any CPU
		{BA1DA692-94D5-4DAF-B0CA-6BAC1EF89B37}.Debug|x86.ActiveCfg = Debug|Any CPU
		{BA1DA692-94D5-4DAF-B0CA-6BAC1EF89B37}.Debug|x86.Build.0 = Debug|Any CPU
		{BA1DA692-94D5-4DAF-B0CA-6BAC1EF89B37}.Release|Any CPU.ActiveCfg = Release|Any CPU
		{BA1DA692-94D5-4DAF-B0CA-6BAC1EF89B37}.Release|Any CPU.Build.0 = Release|Any CPU
		{BA1DA692-94D5-4DAF-B0CA-6BAC1EF89B37}.Release|x64.ActiveCfg = Release|Any CPU
		{BA1DA692-94D5-4DAF-B0CA-6BAC1EF89B37}.Release|x64.Build.0 = Release|Any CPU
		{BA1DA692-94D5-4DAF-B0CA-6BAC1EF89B37}.Release|x86.ActiveCfg = Release|Any CPU
		{BA1DA692-94D5-4DAF-B0CA-6BAC1EF89B37}.Release|x86.Build.0 = Release|Any CPU
		{418976E7-E527-405C-A5C4-689D9A4E6731}.Debug|Any CPU.ActiveCfg = Debug|Any CPU
		{418976E7-E527-405C-A5C4-689D9A4E6731}.Debug|Any CPU.Build.0 = Debug|Any CPU
		{418976E7-E527-405C-A5C4-689D9A4E6731}.Debug|x64.ActiveCfg = Debug|Any CPU
		{418976E7-E527-405C-A5C4-689D9A4E6731}.Debug|x64.Build.0 = Debug|Any CPU
		{418976E7-E527-405C-A5C4-689D9A4E6731}.Debug|x86.ActiveCfg = Debug|Any CPU
		{418976E7-E527-405C-A5C4-689D9A4E6731}.Debug|x86.Build.0 = Debug|Any CPU
		{418976E7-E527-405C-A5C4-689D9A4E6731}.Release|Any CPU.ActiveCfg = Release|Any CPU
		{418976E7-E527-405C-A5C4-689D9A4E6731}.Release|Any CPU.Build.0 = Release|Any CPU
		{418976E7-E527-405C-A5C4-689D9A4E6731}.Release|x64.ActiveCfg = Release|Any CPU
		{418976E7-E527-405C-A5C4-689D9A4E6731}.Release|x64.Build.0 = Release|Any CPU
		{418976E7-E527-405C-A5C4-689D9A4E6731}.Release|x86.ActiveCfg = Release|Any CPU
		{418976E7-E527-405C-A5C4-689D9A4E6731}.Release|x86.Build.0 = Release|Any CPU
		{038E4DF0-24BB-48D4-8A7B-8A4452A08474}.Debug|Any CPU.ActiveCfg = Debug|Any CPU
		{038E4DF0-24BB-48D4-8A7B-8A4452A08474}.Debug|Any CPU.Build.0 = Debug|Any CPU
		{038E4DF0-24BB-48D4-8A7B-8A4452A08474}.Debug|x64.ActiveCfg = Debug|Any CPU
		{038E4DF0-24BB-48D4-8A7B-8A4452A08474}.Debug|x64.Build.0 = Debug|Any CPU
		{038E4DF0-24BB-48D4-8A7B-8A4452A08474}.Debug|x86.ActiveCfg = Debug|Any CPU
		{038E4DF0-24BB-48D4-8A7B-8A4452A08474}.Debug|x86.Build.0 = Debug|Any CPU
		{038E4DF0-24BB-48D4-8A7B-8A4452A08474}.Release|Any CPU.ActiveCfg = Release|Any CPU
		{038E4DF0-24BB-48D4-8A7B-8A4452A08474}.Release|Any CPU.Build.0 = Release|Any CPU
		{038E4DF0-24BB-48D4-8A7B-8A4452A08474}.Release|x64.ActiveCfg = Release|Any CPU
		{038E4DF0-24BB-48D4-8A7B-8A4452A08474}.Release|x64.Build.0 = Release|Any CPU
		{038E4DF0-24BB-48D4-8A7B-8A4452A08474}.Release|x86.ActiveCfg = Release|Any CPU
		{038E4DF0-24BB-48D4-8A7B-8A4452A08474}.Release|x86.Build.0 = Release|Any CPU
		{5342BA43-0229-4171-919F-5D4A9A00669A}.Debug|Any CPU.ActiveCfg = Debug|Any CPU
		{5342BA43-0229-4171-919F-5D4A9A00669A}.Debug|Any CPU.Build.0 = Debug|Any CPU
		{5342BA43-0229-4171-919F-5D4A9A00669A}.Debug|x64.ActiveCfg = Debug|Any CPU
		{5342BA43-0229-4171-919F-5D4A9A00669A}.Debug|x64.Build.0 = Debug|Any CPU
		{5342BA43-0229-4171-919F-5D4A9A00669A}.Debug|x86.ActiveCfg = Debug|Any CPU
		{5342BA43-0229-4171-919F-5D4A9A00669A}.Debug|x86.Build.0 = Debug|Any CPU
		{5342BA43-0229-4171-919F-5D4A9A00669A}.Release|Any CPU.ActiveCfg = Release|Any CPU
		{5342BA43-0229-4171-919F-5D4A9A00669A}.Release|Any CPU.Build.0 = Release|Any CPU
		{5342BA43-0229-4171-919F-5D4A9A00669A}.Release|x64.ActiveCfg = Release|Any CPU
		{5342BA43-0229-4171-919F-5D4A9A00669A}.Release|x64.Build.0 = Release|Any CPU
		{5342BA43-0229-4171-919F-5D4A9A00669A}.Release|x86.ActiveCfg = Release|Any CPU
		{5342BA43-0229-4171-919F-5D4A9A00669A}.Release|x86.Build.0 = Release|Any CPU
		{B8A712AD-78BA-4B2F-9648-708C68EF4999}.Debug|Any CPU.ActiveCfg = Debug|Any CPU
		{B8A712AD-78BA-4B2F-9648-708C68EF4999}.Debug|Any CPU.Build.0 = Debug|Any CPU
		{B8A712AD-78BA-4B2F-9648-708C68EF4999}.Debug|x64.ActiveCfg = Debug|Any CPU
		{B8A712AD-78BA-4B2F-9648-708C68EF4999}.Debug|x64.Build.0 = Debug|Any CPU
		{B8A712AD-78BA-4B2F-9648-708C68EF4999}.Debug|x86.ActiveCfg = Debug|Any CPU
		{B8A712AD-78BA-4B2F-9648-708C68EF4999}.Debug|x86.Build.0 = Debug|Any CPU
		{B8A712AD-78BA-4B2F-9648-708C68EF4999}.Release|Any CPU.ActiveCfg = Release|Any CPU
		{B8A712AD-78BA-4B2F-9648-708C68EF4999}.Release|Any CPU.Build.0 = Release|Any CPU
		{B8A712AD-78BA-4B2F-9648-708C68EF4999}.Release|x64.ActiveCfg = Release|Any CPU
		{B8A712AD-78BA-4B2F-9648-708C68EF4999}.Release|x64.Build.0 = Release|Any CPU
		{B8A712AD-78BA-4B2F-9648-708C68EF4999}.Release|x86.ActiveCfg = Release|Any CPU
		{B8A712AD-78BA-4B2F-9648-708C68EF4999}.Release|x86.Build.0 = Release|Any CPU
		{75FB730F-66DF-4E8E-9945-5ED64E851774}.Debug|Any CPU.ActiveCfg = Debug|Any CPU
		{75FB730F-66DF-4E8E-9945-5ED64E851774}.Debug|Any CPU.Build.0 = Debug|Any CPU
		{75FB730F-66DF-4E8E-9945-5ED64E851774}.Debug|x64.ActiveCfg = Debug|Any CPU
		{75FB730F-66DF-4E8E-9945-5ED64E851774}.Debug|x64.Build.0 = Debug|Any CPU
		{75FB730F-66DF-4E8E-9945-5ED64E851774}.Debug|x86.ActiveCfg = Debug|Any CPU
		{75FB730F-66DF-4E8E-9945-5ED64E851774}.Debug|x86.Build.0 = Debug|Any CPU
		{75FB730F-66DF-4E8E-9945-5ED64E851774}.Release|Any CPU.ActiveCfg = Release|Any CPU
		{75FB730F-66DF-4E8E-9945-5ED64E851774}.Release|Any CPU.Build.0 = Release|Any CPU
		{75FB730F-66DF-4E8E-9945-5ED64E851774}.Release|x64.ActiveCfg = Release|Any CPU
		{75FB730F-66DF-4E8E-9945-5ED64E851774}.Release|x64.Build.0 = Release|Any CPU
		{75FB730F-66DF-4E8E-9945-5ED64E851774}.Release|x86.ActiveCfg = Release|Any CPU
		{75FB730F-66DF-4E8E-9945-5ED64E851774}.Release|x86.Build.0 = Release|Any CPU
	EndGlobalSection
	GlobalSection(SolutionProperties) = preSolution
		HideSolutionNode = FALSE
	EndGlobalSection
	GlobalSection(NestedProjects) = preSolution
		{1E914AFF-B6D0-4DF0-B57C-66CD5F1FF54B} = {827E0CD3-B72D-47B6-A68D-7590B98EB39B}
		{E5AFB6C2-C2C7-4D9E-BCC6-0847924501C1} = {827E0CD3-B72D-47B6-A68D-7590B98EB39B}
		{D2013A42-E833-4F52-B368-F0E4664F9E45} = {827E0CD3-B72D-47B6-A68D-7590B98EB39B}
		{BA1DA692-94D5-4DAF-B0CA-6BAC1EF89B37} = {827E0CD3-B72D-47B6-A68D-7590B98EB39B}
		{418976E7-E527-405C-A5C4-689D9A4E6731} = {827E0CD3-B72D-47B6-A68D-7590B98EB39B}
		{038E4DF0-24BB-48D4-8A7B-8A4452A08474} = {0AB3BF05-4346-4AA6-1389-037BE0695223}
		{5342BA43-0229-4171-919F-5D4A9A00669A} = {0AB3BF05-4346-4AA6-1389-037BE0695223}
		{B8A712AD-78BA-4B2F-9648-708C68EF4999} = {0AB3BF05-4346-4AA6-1389-037BE0695223}
		{75FB730F-66DF-4E8E-9945-5ED64E851774} = {0AB3BF05-4346-4AA6-1389-037BE0695223}
	EndGlobalSection
EndGlobal
